
Microsoft Visual Studio Solution File, Format Version 12.00
# Visual Studio Version 17
VisualStudioVersion = 17.13.35931.197 d17.13
MinimumVisualStudioVersion = 10.0.40219.1
Project("{54A90642-561A-4BB1-A94E-469ADEE60C69}") = "stackit.client", "stackit.client\stackit.client.esproj", "{FC345FB1-6AF3-A4EA-F1D9-F64E2309ACA0}"
EndProject
Project("{FAE04EC0-301F-11D3-BF4B-00C04F79EFBC}") = "StackIt.Server", "StackIt.Server\StackIt.Server.csproj", "{C45F19AF-AE9B-4D0B-9031-595D7F66B681}"
EndProject
Global
	GlobalSection(SolutionConfigurationPlatforms) = preSolution
		Debug|Any CPU = Debug|Any CPU
		Release|Any CPU = Release|Any CPU
	EndGlobalSection
	GlobalSection(ProjectConfigurationPlatforms) = postSolution
		{FC345FB1-6AF3-A4EA-F1D9-F64E2309ACA0}.Debug|Any CPU.ActiveCfg = Debug|Any CPU
		{FC345FB1-6AF3-A4EA-F1D9-F64E2309ACA0}.Debug|Any CPU.Build.0 = Debug|Any CPU
		{FC345FB1-6AF3-A4EA-F1D9-F64E2309ACA0}.Debug|Any CPU.Deploy.0 = Debug|Any CPU
		{FC345FB1-6AF3-A4EA-F1D9-F64E2309ACA0}.Release|Any CPU.ActiveCfg = Release|Any CPU
		{FC345FB1-6AF3-A4EA-F1D9-F64E2309ACA0}.Release|Any CPU.Build.0 = Release|Any CPU
		{FC345FB1-6AF3-A4EA-F1D9-F64E2309ACA0}.Release|Any CPU.Deploy.0 = Release|Any CPU
		{C45F19AF-AE9B-4D0B-9031-595D7F66B681}.Debug|Any CPU.ActiveCfg = Debug|Any CPU
		{C45F19AF-AE9B-4D0B-9031-595D7F66B681}.Debug|Any CPU.Build.0 = Debug|Any CPU
		{C45F19AF-AE9B-4D0B-9031-595D7F66B681}.Release|Any CPU.ActiveCfg = Release|Any CPU
		{C45F19AF-AE9B-4D0B-9031-595D7F66B681}.Release|Any CPU.Build.0 = Release|Any CPU
	EndGlobalSection
	GlobalSection(SolutionProperties) = preSolution
		HideSolutionNode = FALSE
	EndGlobalSection
	GlobalSection(ExtensibilityGlobals) = postSolution
		SolutionGuid = {EFE232E5-FA55-42FE-8A0F-7DA5E55F4200}
	EndGlobalSection
EndGlobal
